
Microsoft Visual Studio Solution File, Format Version 12.00
# Visual Studio Version 17
VisualStudioVersion = 17.0.31423.177
MinimumVisualStudioVersion = 10.0.40219.1
Project("{2150E333-8FDC-42A3-9474-1A3956D46DE8}") = "src", "src", "{A866635B-6800-40BF-BFF9-19B56B1D2BBD}"
EndProject
Project("{9A19103F-16F7-4668-BE54-9A1E7A4F7556}") = "IdentityServer", "src\IdentityServer\IdentityServer.csproj", "{54E42D95-1D92-4ECE-A5C7-854911E2D022}"
EndProject
Project("{9A19103F-16F7-4668-BE54-9A1E7A4F7556}") = "Api", "src\Api\Api.csproj", "{2533505C-9415-4734-BC4B-C3DF7FEFEA80}"
EndProject
Project("{9A19103F-16F7-4668-BE54-9A1E7A4F7556}") = "Client", "src\Client\Client.csproj", "{1B379350-BED4-41AB-BBE9-EBFFFB2F6E98}"
EndProject
Project("{9A19103F-16F7-4668-BE54-9A1E7A4F7556}") = "MvcClient", "src\MvcClient\MvcClient.csproj", "{8C55857C-DBEE-4DD4-A67D-33EAB0A185B8}"
EndProject
Project("{9A19103F-16F7-4668-BE54-9A1E7A4F7556}") = "JavaScriptClient", "src\JavaScriptClient\JavaScriptClient.csproj", "{329EA250-E429-45AD-815E-E814598452C9}"
EndProject
Project("{9A19103F-16F7-4668-BE54-9A1E7A4F7556}") = "JsClient", "JsClient\JsClient.csproj", "{012AEDDA-EAE2-49EA-92D5-98CB5C4CF053}"
EndProject
Project("{9A19103F-16F7-4668-BE54-9A1E7A4F7556}") = "IdentityServerAspNetIdentity", "src\IdentityServerAspNetIdentity\IdentityServerAspNetIdentity.csproj", "{3121FBEC-608E-4E72-A0C9-EB82C8C52AC7}"
EndProject
Project("{9A19103F-16F7-4668-BE54-9A1E7A4F7556}") = "IdentityServerAdmin", "src\IdentityServerAdmin\IdentityServerAdmin.csproj", "{3CC86D47-9B3A-4C0E-9D0B-EA4C7B221353}"
EndProject
Global
	GlobalSection(SolutionConfigurationPlatforms) = preSolution
		Debug|Any CPU = Debug|Any CPU
		Debug|x64 = Debug|x64
		Debug|x86 = Debug|x86
		Release|Any CPU = Release|Any CPU
		Release|x64 = Release|x64
		Release|x86 = Release|x86
	EndGlobalSection
	GlobalSection(ProjectConfigurationPlatforms) = postSolution
		{54E42D95-1D92-4ECE-A5C7-854911E2D022}.Debug|Any CPU.ActiveCfg = Debug|Any CPU
		{54E42D95-1D92-4ECE-A5C7-854911E2D022}.Debug|Any CPU.Build.0 = Debug|Any CPU
		{54E42D95-1D92-4ECE-A5C7-854911E2D022}.Debug|x64.ActiveCfg = Debug|Any CPU
		{54E42D95-1D92-4ECE-A5C7-854911E2D022}.Debug|x64.Build.0 = Debug|Any CPU
		{54E42D95-1D92-4ECE-A5C7-854911E2D022}.Debug|x86.ActiveCfg = Debug|Any CPU
		{54E42D95-1D92-4ECE-A5C7-854911E2D022}.Debug|x86.Build.0 = Debug|Any CPU
		{54E42D95-1D92-4ECE-A5C7-854911E2D022}.Release|Any CPU.ActiveCfg = Release|Any CPU
		{54E42D95-1D92-4ECE-A5C7-854911E2D022}.Release|Any CPU.Build.0 = Release|Any CPU
		{54E42D95-1D92-4ECE-A5C7-854911E2D022}.Release|x64.ActiveCfg = Release|Any CPU
		{54E42D95-1D92-4ECE-A5C7-854911E2D022}.Release|x64.Build.0 = Release|Any CPU
		{54E42D95-1D92-4ECE-A5C7-854911E2D022}.Release|x86.ActiveCfg = Release|Any CPU
		{54E42D95-1D92-4ECE-A5C7-854911E2D022}.Release|x86.Build.0 = Release|Any CPU
		{2533505C-9415-4734-BC4B-C3DF7FEFEA80}.Debug|Any CPU.ActiveCfg = Debug|Any CPU
		{2533505C-9415-4734-BC4B-C3DF7FEFEA80}.Debug|Any CPU.Build.0 = Debug|Any CPU
		{2533505C-9415-4734-BC4B-C3DF7FEFEA80}.Debug|x64.ActiveCfg = Debug|Any CPU
		{2533505C-9415-4734-BC4B-C3DF7FEFEA80}.Debug|x64.Build.0 = Debug|Any CPU
		{2533505C-9415-4734-BC4B-C3DF7FEFEA80}.Debug|x86.ActiveCfg = Debug|Any CPU
		{2533505C-9415-4734-BC4B-C3DF7FEFEA80}.Debug|x86.Build.0 = Debug|Any CPU
		{2533505C-9415-4734-BC4B-C3DF7FEFEA80}.Release|Any CPU.ActiveCfg = Release|Any CPU
		{2533505C-9415-4734-BC4B-C3DF7FEFEA80}.Release|Any CPU.Build.0 = Release|Any CPU
		{2533505C-9415-4734-BC4B-C3DF7FEFEA80}.Release|x64.ActiveCfg = Release|Any CPU
		{2533505C-9415-4734-BC4B-C3DF7FEFEA80}.Release|x64.Build.0 = Release|Any CPU
		{2533505C-9415-4734-BC4B-C3DF7FEFEA80}.Release|x86.ActiveCfg = Release|Any CPU
		{2533505C-9415-4734-BC4B-C3DF7FEFEA80}.Release|x86.Build.0 = Release|Any CPU
		{1B379350-BED4-41AB-BBE9-EBFFFB2F6E98}.Debug|Any CPU.ActiveCfg = Debug|Any CPU
		{1B379350-BED4-41AB-BBE9-EBFFFB2F6E98}.Debug|Any CPU.Build.0 = Debug|Any CPU
		{1B379350-BED4-41AB-BBE9-EBFFFB2F6E98}.Debug|x64.ActiveCfg = Debug|Any CPU
		{1B379350-BED4-41AB-BBE9-EBFFFB2F6E98}.Debug|x64.Build.0 = Debug|Any CPU
		{1B379350-BED4-41AB-BBE9-EBFFFB2F6E98}.Debug|x86.ActiveCfg = Debug|Any CPU
		{1B379350-BED4-41AB-BBE9-EBFFFB2F6E98}.Debug|x86.Build.0 = Debug|Any CPU
		{1B379350-BED4-41AB-BBE9-EBFFFB2F6E98}.Release|Any CPU.ActiveCfg = Release|Any CPU
		{1B379350-BED4-41AB-BBE9-EBFFFB2F6E98}.Release|Any CPU.Build.0 = Release|Any CPU
		{1B379350-BED4-41AB-BBE9-EBFFFB2F6E98}.Release|x64.ActiveCfg = Release|Any CPU
		{1B379350-BED4-41AB-BBE9-EBFFFB2F6E98}.Release|x64.Build.0 = Release|Any CPU
		{1B379350-BED4-41AB-BBE9-EBFFFB2F6E98}.Release|x86.ActiveCfg = Release|Any CPU
		{1B379350-BED4-41AB-BBE9-EBFFFB2F6E98}.Release|x86.Build.0 = Release|Any CPU
		{8C55857C-DBEE-4DD4-A67D-33EAB0A185B8}.Debug|Any CPU.ActiveCfg = Debug|Any CPU
		{8C55857C-DBEE-4DD4-A67D-33EAB0A185B8}.Debug|Any CPU.Build.0 = Debug|Any CPU
		{8C55857C-DBEE-4DD4-A67D-33EAB0A185B8}.Debug|x64.ActiveCfg = Debug|Any CPU
		{8C55857C-DBEE-4DD4-A67D-33EAB0A185B8}.Debug|x64.Build.0 = Debug|Any CPU
		{8C55857C-DBEE-4DD4-A67D-33EAB0A185B8}.Debug|x86.ActiveCfg = Debug|Any CPU
		{8C55857C-DBEE-4DD4-A67D-33EAB0A185B8}.Debug|x86.Build.0 = Debug|Any CPU
		{8C55857C-DBEE-4DD4-A67D-33EAB0A185B8}.Release|Any CPU.ActiveCfg = Release|Any CPU
		{8C55857C-DBEE-4DD4-A67D-33EAB0A185B8}.Release|Any CPU.Build.0 = Release|Any CPU
		{8C55857C-DBEE-4DD4-A67D-33EAB0A185B8}.Release|x64.ActiveCfg = Release|Any CPU
		{8C55857C-DBEE-4DD4-A67D-33EAB0A185B8}.Release|x64.Build.0 = Release|Any CPU
		{8C55857C-DBEE-4DD4-A67D-33EAB0A185B8}.Release|x86.ActiveCfg = Release|Any CPU
		{8C55857C-DBEE-4DD4-A67D-33EAB0A185B8}.Release|x86.Build.0 = Release|Any CPU
		{329EA250-E429-45AD-815E-E814598452C9}.Debug|Any CPU.ActiveCfg = Debug|Any CPU
		{329EA250-E429-45AD-815E-E814598452C9}.Debug|Any CPU.Build.0 = Debug|Any CPU
		{329EA250-E429-45AD-815E-E814598452C9}.Debug|x64.ActiveCfg = Debug|Any CPU
		{329EA250-E429-45AD-815E-E814598452C9}.Debug|x64.Build.0 = Debug|Any CPU
		{329EA250-E429-45AD-815E-E814598452C9}.Debug|x86.ActiveCfg = Debug|Any CPU
		{329EA250-E429-45AD-815E-E814598452C9}.Debug|x86.Build.0 = Debug|Any CPU
		{329EA250-E429-45AD-815E-E814598452C9}.Release|Any CPU.ActiveCfg = Release|Any CPU
		{329EA250-E429-45AD-815E-E814598452C9}.Release|Any CPU.Build.0 = Release|Any CPU
		{329EA250-E429-45AD-815E-E814598452C9}.Release|x64.ActiveCfg = Release|Any CPU
		{329EA250-E429-45AD-815E-E814598452C9}.Release|x64.Build.0 = Release|Any CPU
		{329EA250-E429-45AD-815E-E814598452C9}.Release|x86.ActiveCfg = Release|Any CPU
		{329EA250-E429-45AD-815E-E814598452C9}.Release|x86.Build.0 = Release|Any CPU
		{012AEDDA-EAE2-49EA-92D5-98CB5C4CF053}.Debug|Any CPU.ActiveCfg = Debug|Any CPU
		{012AEDDA-EAE2-49EA-92D5-98CB5C4CF053}.Debug|Any CPU.Build.0 = Debug|Any CPU
		{012AEDDA-EAE2-49EA-92D5-98CB5C4CF053}.Debug|x64.ActiveCfg = Debug|Any CPU
		{012AEDDA-EAE2-49EA-92D5-98CB5C4CF053}.Debug|x64.Build.0 = Debug|Any CPU
		{012AEDDA-EAE2-49EA-92D5-98CB5C4CF053}.Debug|x86.ActiveCfg = Debug|Any CPU
		{012AEDDA-EAE2-49EA-92D5-98CB5C4CF053}.Debug|x86.Build.0 = Debug|Any CPU
		{012AEDDA-EAE2-49EA-92D5-98CB5C4CF053}.Release|Any CPU.ActiveCfg = Release|Any CPU
		{012AEDDA-EAE2-49EA-92D5-98CB5C4CF053}.Release|Any CPU.Build.0 = Release|Any CPU
		{012AEDDA-EAE2-49EA-92D5-98CB5C4CF053}.Release|x64.ActiveCfg = Release|Any CPU
		{012AEDDA-EAE2-49EA-92D5-98CB5C4CF053}.Release|x64.Build.0 = Release|Any CPU
		{012AEDDA-EAE2-49EA-92D5-98CB5C4CF053}.Release|x86.ActiveCfg = Release|Any CPU
		{012AEDDA-EAE2-49EA-92D5-98CB5C4CF053}.Release|x86.Build.0 = Release|Any CPU
		{3121FBEC-608E-4E72-A0C9-EB82C8C52AC7}.Debug|Any CPU.ActiveCfg = Debug|Any CPU
		{3121FBEC-608E-4E72-A0C9-EB82C8C52AC7}.Debug|Any CPU.Build.0 = Debug|Any CPU
		{3121FBEC-608E-4E72-A0C9-EB82C8C52AC7}.Debug|x64.ActiveCfg = Debug|Any CPU
		{3121FBEC-608E-4E72-A0C9-EB82C8C52AC7}.Debug|x64.Build.0 = Debug|Any CPU
		{3121FBEC-608E-4E72-A0C9-EB82C8C52AC7}.Debug|x86.ActiveCfg = Debug|Any CPU
		{3121FBEC-608E-4E72-A0C9-EB82C8C52AC7}.Debug|x86.Build.0 = Debug|Any CPU
		{3121FBEC-608E-4E72-A0C9-EB82C8C52AC7}.Release|Any CPU.ActiveCfg = Release|Any CPU
		{3121FBEC-608E-4E72-A0C9-EB82C8C52AC7}.Release|Any CPU.Build.0 = Release|Any CPU
		{3121FBEC-608E-4E72-A0C9-EB82C8C52AC7}.Release|x64.ActiveCfg = Release|Any CPU
		{3121FBEC-608E-4E72-A0C9-EB82C8C52AC7}.Release|x64.Build.0 = Release|Any CPU
		{3121FBEC-608E-4E72-A0C9-EB82C8C52AC7}.Release|x86.ActiveCfg = Release|Any CPU
		{3121FBEC-608E-4E72-A0C9-EB82C8C52AC7}.Release|x86.Build.0 = Release|Any CPU
		{3CC86D47-9B3A-4C0E-9D0B-EA4C7B221353}.Debug|Any CPU.ActiveCfg = Debug|Any CPU
		{3CC86D47-9B3A-4C0E-9D0B-EA4C7B221353}.Debug|Any CPU.Build.0 = Debug|Any CPU
		{3CC86D47-9B3A-4C0E-9D0B-EA4C7B221353}.Debug|x64.ActiveCfg = Debug|Any CPU
		{3CC86D47-9B3A-4C0E-9D0B-EA4C7B221353}.Debug|x64.Build.0 = Debug|Any CPU
		{3CC86D47-9B3A-4C0E-9D0B-EA4C7B221353}.Debug|x86.ActiveCfg = Debug|Any CPU
		{3CC86D47-9B3A-4C0E-9D0B-EA4C7B221353}.Debug|x86.Build.0 = Debug|Any CPU
		{3CC86D47-9B3A-4C0E-9D0B-EA4C7B221353}.Release|Any CPU.ActiveCfg = Release|Any CPU
		{3CC86D47-9B3A-4C0E-9D0B-EA4C7B221353}.Release|Any CPU.Build.0 = Release|Any CPU
		{3CC86D47-9B3A-4C0E-9D0B-EA4C7B221353}.Release|x64.ActiveCfg = Release|Any CPU
		{3CC86D47-9B3A-4C0E-9D0B-EA4C7B221353}.Release|x64.Build.0 = Release|Any CPU
		{3CC86D47-9B3A-4C0E-9D0B-EA4C7B221353}.Release|x86.ActiveCfg = Release|Any CPU
		{3CC86D47-9B3A-4C0E-9D0B-EA4C7B221353}.Release|x86.Build.0 = Release|Any CPU
	EndGlobalSection
	GlobalSection(SolutionProperties) = preSolution
		HideSolutionNode = FALSE
	EndGlobalSection
	GlobalSection(NestedProjects) = preSolution
		{54E42D95-1D92-4ECE-A5C7-854911E2D022} = {A866635B-6800-40BF-BFF9-19B56B1D2BBD}
		{2533505C-9415-4734-BC4B-C3DF7FEFEA80} = {A866635B-6800-40BF-BFF9-19B56B1D2BBD}
		{1B379350-BED4-41AB-BBE9-EBFFFB2F6E98} = {A866635B-6800-40BF-BFF9-19B56B1D2BBD}
		{8C55857C-DBEE-4DD4-A67D-33EAB0A185B8} = {A866635B-6800-40BF-BFF9-19B56B1D2BBD}
		{329EA250-E429-45AD-815E-E814598452C9} = {A866635B-6800-40BF-BFF9-19B56B1D2BBD}
		{012AEDDA-EAE2-49EA-92D5-98CB5C4CF053} = {A866635B-6800-40BF-BFF9-19B56B1D2BBD}
		{3121FBEC-608E-4E72-A0C9-EB82C8C52AC7} = {A866635B-6800-40BF-BFF9-19B56B1D2BBD}
		{3CC86D47-9B3A-4C0E-9D0B-EA4C7B221353} = {A866635B-6800-40BF-BFF9-19B56B1D2BBD}
	EndGlobalSection
	GlobalSection(ExtensibilityGlobals) = postSolution
		SolutionGuid = {3894ED6D-7A99-47C2-8CC0-81821EDAEB2D}
	EndGlobalSection
EndGlobal
